
Microsoft Visual Studio Solution File, Format Version 12.00
# Visual Studio Version 17
VisualStudioVersion = 17.10.35004.147
MinimumVisualStudioVersion = 10.0.40219.1
Project("{9A19103F-16F7-4668-BE54-9A1E7A4F7556}") = "dotSocialNetwork", "dotSocialNetwork.csproj", "{6585A91A-A0C4-486E-AB04-41125C651108}"
EndProject
Project("{FAE04EC0-301F-11D3-BF4B-00C04F79EFBC}") = "ForTest", "..\ForTest\ForTest.csproj", "{035B21B9-53B2-4B50-8294-69BC6B3E49BC}"
EndProject
Global
	GlobalSection(SolutionConfigurationPlatforms) = preSolution
		Debug|Any CPU = Debug|Any CPU
		Release|Any CPU = Release|Any CPU
	EndGlobalSection
	GlobalSection(ProjectConfigurationPlatforms) = postSolution
		{6585A91A-A0C4-486E-AB04-41125C651108}.Debug|Any CPU.ActiveCfg = Debug|Any CPU
		{6585A91A-A0C4-486E-AB04-41125C651108}.Debug|Any CPU.Build.0 = Debug|Any CPU
		{6585A91A-A0C4-486E-AB04-41125C651108}.Release|Any CPU.ActiveCfg = Release|Any CPU
		{6585A91A-A0C4-486E-AB04-41125C651108}.Release|Any CPU.Build.0 = Release|Any CPU
		{035B21B9-53B2-4B50-8294-69BC6B3E49BC}.Debug|Any CPU.ActiveCfg = Debug|Any CPU
		{035B21B9-53B2-4B50-8294-69BC6B3E49BC}.Debug|Any CPU.Build.0 = Debug|Any CPU
		{035B21B9-53B2-4B50-8294-69BC6B3E49BC}.Release|Any CPU.ActiveCfg = Release|Any CPU
		{035B21B9-53B2-4B50-8294-69BC6B3E49BC}.Release|Any CPU.Build.0 = Release|Any CPU
	EndGlobalSection
	GlobalSection(SolutionProperties) = preSolution
		HideSolutionNode = FALSE
	EndGlobalSection
	GlobalSection(ExtensibilityGlobals) = postSolution
		SolutionGuid = {1B023B7B-E709-4CC2-B3D8-B40393BEE97F}
	EndGlobalSection
EndGlobal
